# @generated by Move, please check-in and do not edit manually.

[move]
version = 3
manifest_digest = "768CD7A57867AFD9A4B43CC0AB58F88F231BC44A81AC09511120802990550D31"
deps_digest = "F8BBB0CCB2491CA29A3DF03D6F92277A4F3574266507ACD77214D37ECA3F3082"
dependencies = [
  { id = "Sui", name = "Sui" },
]

[[move.package]]
id = "MoveStdlib"
source = { git = "https://github.com/MystenLabs/sui.git", rev = "framework/mainnet", subdir = "crates/sui-framework/packages/move-stdlib" }

[[move.package]]
id = "Sui"
source = { git = "https://github.com/MystenLabs/sui.git", rev = "framework/mainnet", subdir = "crates/sui-framework/packages/sui-framework" }

dependencies = [
  { id = "MoveStdlib", name = "MoveStdlib" },
]

[move.toolchain-version]
compiler-version = "1.35.0"
edition = "2024.beta"
flavor = "sui"

[env]

[env.testnet]
chain-id = "4c78adac"
original-published-id = "0xe30d3a38a360d096b872a1f59c823e468c2029b3b4f2b2facec53e038f433042"
latest-published-id = "0xe30d3a38a360d096b872a1f59c823e468c2029b3b4f2b2facec53e038f433042"
published-version = "1"

[env.mainnet]
chain-id = "35834a8a"
original-published-id = "0x90caed5fb955c8da1fca83de32d8cafba2d931538a4d6ac89d7967f27b299047"
latest-published-id = "0x90caed5fb955c8da1fca83de32d8cafba2d931538a4d6ac89d7967f27b299047"
published-version = "1"
